{
  "requires": true,
  "lockfileVersion": 1,
  "dependencies": {
    "@types/google-apps-script": {
      "version": "1.0.31",
      "resolved": "https://registry.npmjs.org/@types/google-apps-script/-/google-apps-script-1.0.31.tgz",
      "integrity": "sha512-tgsJKk20fwFoh0Ml4Li3pqKQ5uu3Nr3XeRsee2+pkPGrJxDlA3qsHAA2q3/HRv5yi9U6QVvdGwJ16USnmA7wAA=="
    },
    "prettier": {
      "version": "2.2.1",
      "resolved": "https://registry.npmjs.org/prettier/-/prettier-2.2.1.tgz",
      "integrity": "sha512-PqyhM2yCjg/oKkFPtTGUojv7gnZAoG80ttl45O6x2Ug/rMJw4wcc9k6aaf2hibP7BGVCCM33gZoGjyvt9mm16Q==",
      "dev": true
    }
  }
}
