{
  "name": "gmail",
  "lockfileVersion": 2,
  "requires": true,
  "packages": {
    "": {
      "dependencies": {
        "@types/google-apps-script": "^1.0.59"
      },
      "devDependencies": {
        "prettier": "^2.2.1"
      }
    },
    "node_modules/@types/google-apps-script": {
      "version": "1.0.59",
      "resolved": "https://registry.npmjs.org/@types/google-apps-script/-/google-apps-script-1.0.59.tgz",
      "integrity": "sha512-vOtsegVU/BrgofBsx6Ckzz4jDNp2zEwGHHc20AAouyP6YzytCF5vIBCSETBjsIHZya+nA8A/f7YaSkCe29jbvQ=="
    },
    "node_modules/prettier": {
      "version": "2.2.1",
      "resolved": "https://registry.npmjs.org/prettier/-/prettier-2.2.1.tgz",
      "integrity": "sha512-PqyhM2yCjg/oKkFPtTGUojv7gnZAoG80ttl45O6x2Ug/rMJw4wcc9k6aaf2hibP7BGVCCM33gZoGjyvt9mm16Q==",
      "dev": true,
      "bin": {
        "prettier": "bin-prettier.js"
      },
      "engines": {
        "node": ">=10.13.0"
      }
    }
  },
  "dependencies": {
    "@types/google-apps-script": {
      "version": "1.0.59",
      "resolved": "https://registry.npmjs.org/@types/google-apps-script/-/google-apps-script-1.0.59.tgz",
      "integrity": "sha512-vOtsegVU/BrgofBsx6Ckzz4jDNp2zEwGHHc20AAouyP6YzytCF5vIBCSETBjsIHZya+nA8A/f7YaSkCe29jbvQ=="
    },
    "prettier": {
      "version": "2.2.1",
      "resolved": "https://registry.npmjs.org/prettier/-/prettier-2.2.1.tgz",
      "integrity": "sha512-PqyhM2yCjg/oKkFPtTGUojv7gnZAoG80ttl45O6x2Ug/rMJw4wcc9k6aaf2hibP7BGVCCM33gZoGjyvt9mm16Q==",
      "dev": true
    }
  }
}
