{
  "requires": true,
  "lockfileVersion": 1,
  "dependencies": {
    "@types/google-apps-script": {
      "version": "1.0.29",
      "resolved": "https://registry.npmjs.org/@types/google-apps-script/-/google-apps-script-1.0.29.tgz",
      "integrity": "sha512-uCK0x7aVHCC/Q2N0zbQ8zSGLNfgyHfyFSxhExJuVuba8aVqV/SZLSoUdjBxrIuxz5CnYhBKW0IXplaMay7HQKA=="
    },
    "prettier": {
      "version": "2.2.1",
      "resolved": "https://registry.npmjs.org/prettier/-/prettier-2.2.1.tgz",
      "integrity": "sha512-PqyhM2yCjg/oKkFPtTGUojv7gnZAoG80ttl45O6x2Ug/rMJw4wcc9k6aaf2hibP7BGVCCM33gZoGjyvt9mm16Q==",
      "dev": true
    }
  }
}
